// !$*UTF8*$!
{
	archiveVersion = 1;
	classes = {
	};
	objectVersion = 56;
	objects = {

/* Begin PBXBuildFile section */
		67EEFD1A2BCD825700117FF4 /* main_fixedAxis.cpp in Sources */ = {isa = PBXBuildFile; fileRef = 67EEFD172BCD825700117FF4 /* main_fixedAxis.cpp */; };
		67EEFD232BCD834F00117FF4 /* Makefile in Sources */ = {isa = PBXBuildFile; fileRef = 67EEFD1B2BCD834E00117FF4 /* Makefile */; };
		67EEFD242BCD834F00117FF4 /* InitShader.cpp in Sources */ = {isa = PBXBuildFile; fileRef = 67EEFD212BCD834F00117FF4 /* InitShader.cpp */; };
		67EEFD272BCD844100117FF4 /* OpenGL.framework in Frameworks */ = {isa = PBXBuildFile; fileRef = 67EEFD262BCD844100117FF4 /* OpenGL.framework */; };
		67EEFD292BCD848000117FF4 /* libglfw.3.3.dylib in Frameworks */ = {isa = PBXBuildFile; fileRef = 67EEFD282BCD848000117FF4 /* libglfw.3.3.dylib */; };
/* End PBXBuildFile section */

/* Begin PBXCopyFilesBuildPhase section */
		67EEFD0A2BCD821600117FF4 /* CopyFiles */ = {
			isa = PBXCopyFilesBuildPhase;
			buildActionMask = 2147483647;
			dstPath = /usr/share/man/man1/;
			dstSubfolderSpec = 0;
			files = (
			);
			runOnlyForDeploymentPostprocessing = 1;
		};
/* End PBXCopyFilesBuildPhase section */

/* Begin PBXFileReference section */
		67EEFD0C2BCD821600117FF4 /* COMP410-HW2 */ = {isa = PBXFileReference; explicitFileType = "compiled.mach-o.executable"; includeInIndex = 0; path = "COMP410-HW2"; sourceTree = BUILT_PRODUCTS_DIR; };
		67EEFD162BCD825700117FF4 /* fshader.glsl */ = {isa = PBXFileReference; fileEncoding = 4; lastKnownFileType = text; name = fshader.glsl; path = ../../fshader.glsl; sourceTree = "<group>"; };
		67EEFD172BCD825700117FF4 /* main_fixedAxis.cpp */ = {isa = PBXFileReference; fileEncoding = 4; lastKnownFileType = sourcecode.cpp.cpp; name = main_fixedAxis.cpp; path = ../../main_fixedAxis.cpp; sourceTree = "<group>"; };
		67EEFD182BCD825700117FF4 /* README.md */ = {isa = PBXFileReference; fileEncoding = 4; lastKnownFileType = net.daringfireball.markdown; name = README.md; path = ../../README.md; sourceTree = "<group>"; };
		67EEFD192BCD825700117FF4 /* vshader.glsl */ = {isa = PBXFileReference; fileEncoding = 4; lastKnownFileType = text; name = vshader.glsl; path = ../../vshader.glsl; sourceTree = "<group>"; };
		67EEFD1B2BCD834E00117FF4 /* Makefile */ = {isa = PBXFileReference; fileEncoding = 4; lastKnownFileType = sourcecode.make; name = Makefile; path = ../../Makefile; sourceTree = "<group>"; };
		67EEFD1C2BCD834E00117FF4 /* mat.h */ = {isa = PBXFileReference; fileEncoding = 4; lastKnownFileType = sourcecode.c.h; name = mat.h; path = ../../mat.h; sourceTree = "<group>"; };
		67EEFD1D2BCD834F00117FF4 /* Angel.h */ = {isa = PBXFileReference; fileEncoding = 4; lastKnownFileType = sourcecode.c.h; name = Angel.h; path = ../../Angel.h; sourceTree = "<group>"; };
		67EEFD1E2BCD834F00117FF4 /* CheckError.h */ = {isa = PBXFileReference; fileEncoding = 4; lastKnownFileType = sourcecode.c.h; name = CheckError.h; path = ../../CheckError.h; sourceTree = "<group>"; };
		67EEFD1F2BCD834F00117FF4 /* vec.h */ = {isa = PBXFileReference; fileEncoding = 4; lastKnownFileType = sourcecode.c.h; name = vec.h; path = ../../vec.h; sourceTree = "<group>"; };
		67EEFD202BCD834F00117FF4 /* vertices.h */ = {isa = PBXFileReference; fileEncoding = 4; lastKnownFileType = sourcecode.c.h; name = vertices.h; path = ../../vertices.h; sourceTree = "<group>"; };
		67EEFD212BCD834F00117FF4 /* InitShader.cpp */ = {isa = PBXFileReference; fileEncoding = 4; lastKnownFileType = sourcecode.cpp.cpp; name = InitShader.cpp; path = ../../InitShader.cpp; sourceTree = "<group>"; };
		67EEFD222BCD834F00117FF4 /* patches.h */ = {isa = PBXFileReference; fileEncoding = 4; lastKnownFileType = sourcecode.c.h; name = patches.h; path = ../../patches.h; sourceTree = "<group>"; };
		67EEFD262BCD844100117FF4 /* OpenGL.framework */ = {isa = PBXFileReference; lastKnownFileType = wrapper.framework; name = OpenGL.framework; path = System/Library/Frameworks/OpenGL.framework; sourceTree = SDKROOT; };
		67EEFD282BCD848000117FF4 /* libglfw.3.3.dylib */ = {isa = PBXFileReference; lastKnownFileType = "compiled.mach-o.dylib"; name = libglfw.3.3.dylib; path = ../../../../../usr/local/Cellar/glfw/3.3.10/lib/libglfw.3.3.dylib; sourceTree = "<group>"; };
		67EEFD2A2BCD85F000117FF4 /* COMP410-HW2.entitlements */ = {isa = PBXFileReference; lastKnownFileType = text.plist.entitlements; path = "COMP410-HW2.entitlements"; sourceTree = "<group>"; };
/* End PBXFileReference section */

/* Begin PBXFrameworksBuildPhase section */
		67EEFD092BCD821600117FF4 /* Frameworks */ = {
			isa = PBXFrameworksBuildPhase;
			buildActionMask = 2147483647;
			files = (
				67EEFD292BCD848000117FF4 /* libglfw.3.3.dylib in Frameworks */,
				67EEFD272BCD844100117FF4 /* OpenGL.framework in Frameworks */,
			);
			runOnlyForDeploymentPostprocessing = 0;
		};
/* End PBXFrameworksBuildPhase section */

/* Begin PBXGroup section */
		67EEFD032BCD821600117FF4 = {
			isa = PBXGroup;
			children = (
				67EEFD0E2BCD821600117FF4 /* COMP410-HW2 */,
				67EEFD0D2BCD821600117FF4 /* Products */,
				67EEFD252BCD844100117FF4 /* Frameworks */,
			);
			sourceTree = "<group>";
		};
		67EEFD0D2BCD821600117FF4 /* Products */ = {
			isa = PBXGroup;
			children = (
				67EEFD0C2BCD821600117FF4 /* COMP410-HW2 */,
			);
			name = Products;
			sourceTree = "<group>";
		};
		67EEFD0E2BCD821600117FF4 /* COMP410-HW2 */ = {
			isa = PBXGroup;
			children = (
				67EEFD2A2BCD85F000117FF4 /* COMP410-HW2.entitlements */,
				67EEFD1D2BCD834F00117FF4 /* Angel.h */,
				67EEFD1E2BCD834F00117FF4 /* CheckError.h */,
				67EEFD212BCD834F00117FF4 /* InitShader.cpp */,
				67EEFD1B2BCD834E00117FF4 /* Makefile */,
				67EEFD1C2BCD834E00117FF4 /* mat.h */,
				67EEFD222BCD834F00117FF4 /* patches.h */,
				67EEFD1F2BCD834F00117FF4 /* vec.h */,
				67EEFD202BCD834F00117FF4 /* vertices.h */,
				67EEFD162BCD825700117FF4 /* fshader.glsl */,
				67EEFD172BCD825700117FF4 /* main_fixedAxis.cpp */,
				67EEFD182BCD825700117FF4 /* README.md */,
				67EEFD192BCD825700117FF4 /* vshader.glsl */,
			);
			path = "COMP410-HW2";
			sourceTree = "<group>";
		};
		67EEFD252BCD844100117FF4 /* Frameworks */ = {
			isa = PBXGroup;
			children = (
				67EEFD282BCD848000117FF4 /* libglfw.3.3.dylib */,
				67EEFD262BCD844100117FF4 /* OpenGL.framework */,
			);
			name = Frameworks;
			sourceTree = "<group>";
		};
/* End PBXGroup section */

/* Begin PBXNativeTarget section */
		67EEFD0B2BCD821600117FF4 /* COMP410-HW2 */ = {
			isa = PBXNativeTarget;
			buildConfigurationList = 67EEFD132BCD821600117FF4 /* Build configuration list for PBXNativeTarget "COMP410-HW2" */;
			buildPhases = (
				67EEFD082BCD821600117FF4 /* Sources */,
				67EEFD092BCD821600117FF4 /* Frameworks */,
				67EEFD0A2BCD821600117FF4 /* CopyFiles */,
			);
			buildRules = (
			);
			dependencies = (
			);
			name = "COMP410-HW2";
			productName = "COMP410-HW2";
			productReference = 67EEFD0C2BCD821600117FF4 /* COMP410-HW2 */;
			productType = "com.apple.product-type.tool";
		};
/* End PBXNativeTarget section */

/* Begin PBXProject section */
		67EEFD042BCD821600117FF4 /* Project object */ = {
			isa = PBXProject;
			attributes = {
				BuildIndependentTargetsInParallel = 1;
				LastUpgradeCheck = 1530;
				TargetAttributes = {
					67EEFD0B2BCD821600117FF4 = {
						CreatedOnToolsVersion = 15.3;
					};
				};
			};
			buildConfigurationList = 67EEFD072BCD821600117FF4 /* Build configuration list for PBXProject "COMP410-HW2" */;
			compatibilityVersion = "Xcode 14.0";
			developmentRegion = en;
			hasScannedForEncodings = 0;
			knownRegions = (
				en,
				Base,
			);
			mainGroup = 67EEFD032BCD821600117FF4;
			productRefGroup = 67EEFD0D2BCD821600117FF4 /* Products */;
			projectDirPath = "";
			projectRoot = "";
			targets = (
				67EEFD0B2BCD821600117FF4 /* COMP410-HW2 */,
			);
		};
/* End PBXProject section */

/* Begin PBXSourcesBuildPhase section */
		67EEFD082BCD821600117FF4 /* Sources */ = {
			isa = PBXSourcesBuildPhase;
			buildActionMask = 2147483647;
			files = (
				67EEFD232BCD834F00117FF4 /* Makefile in Sources */,
				67EEFD242BCD834F00117FF4 /* InitShader.cpp in Sources */,
				67EEFD1A2BCD825700117FF4 /* main_fixedAxis.cpp in Sources */,
			);
			runOnlyForDeploymentPostprocessing = 0;
		};
/* End PBXSourcesBuildPhase section */

/* Begin XCBuildConfiguration section */
		67EEFD112BCD821600117FF4 /* Debug */ = {
			isa = XCBuildConfiguration;
			buildSettings = {
				ALWAYS_SEARCH_USER_PATHS = NO;
				ASSETCATALOG_COMPILER_GENERATE_SWIFT_ASSET_SYMBOL_EXTENSIONS = YES;
				CLANG_ANALYZER_NONNULL = YES;
				CLANG_ANALYZER_NUMBER_OBJECT_CONVERSION = YES_AGGRESSIVE;
				CLANG_CXX_LANGUAGE_STANDARD = "gnu++20";
				CLANG_ENABLE_MODULES = YES;
				CLANG_ENABLE_OBJC_ARC = YES;
				CLANG_ENABLE_OBJC_WEAK = YES;
				CLANG_WARN_BLOCK_CAPTURE_AUTORELEASING = YES;
				CLANG_WARN_BOOL_CONVERSION = YES;
				CLANG_WARN_COMMA = YES;
				CLANG_WARN_CONSTANT_CONVERSION = YES;
				CLANG_WARN_DEPRECATED_OBJC_IMPLEMENTATIONS = YES;
				CLANG_WARN_DIRECT_OBJC_ISA_USAGE = YES_ERROR;
				CLANG_WARN_DOCUMENTATION_COMMENTS = YES;
				CLANG_WARN_EMPTY_BODY = YES;
				CLANG_WARN_ENUM_CONVERSION = YES;
				CLANG_WARN_INFINITE_RECURSION = YES;
				CLANG_WARN_INT_CONVERSION = YES;
				CLANG_WARN_NON_LITERAL_NULL_CONVERSION = YES;
				CLANG_WARN_OBJC_IMPLICIT_RETAIN_SELF = YES;
				CLANG_WARN_OBJC_LITERAL_CONVERSION = YES;
				CLANG_WARN_OBJC_ROOT_CLASS = YES_ERROR;
				CLANG_WARN_QUOTED_INCLUDE_IN_FRAMEWORK_HEADER = YES;
				CLANG_WARN_RANGE_LOOP_ANALYSIS = YES;
				CLANG_WARN_STRICT_PROTOTYPES = YES;
				CLANG_WARN_SUSPICIOUS_MOVE = YES;
				CLANG_WARN_UNGUARDED_AVAILABILITY = YES_AGGRESSIVE;
				CLANG_WARN_UNREACHABLE_CODE = YES;
				CLANG_WARN__DUPLICATE_METHOD_MATCH = YES;
				COPY_PHASE_STRIP = NO;
				DEBUG_INFORMATION_FORMAT = dwarf;
				ENABLE_STRICT_OBJC_MSGSEND = YES;
				ENABLE_TESTABILITY = YES;
				ENABLE_USER_SCRIPT_SANDBOXING = YES;
				GCC_C_LANGUAGE_STANDARD = gnu17;
				GCC_DYNAMIC_NO_PIC = NO;
				GCC_NO_COMMON_BLOCKS = YES;
				GCC_OPTIMIZATION_LEVEL = 0;
				GCC_PREPROCESSOR_DEFINITIONS = (
					"DEBUG=1",
					"$(inherited)",
				);
				GCC_WARN_64_TO_32_BIT_CONVERSION = YES;
				GCC_WARN_ABOUT_RETURN_TYPE = YES_ERROR;
				GCC_WARN_INHIBIT_ALL_WARNINGS = YES;
				GCC_WARN_UNDECLARED_SELECTOR = YES;
				GCC_WARN_UNINITIALIZED_AUTOS = YES_AGGRESSIVE;
				GCC_WARN_UNUSED_FUNCTION = YES;
				GCC_WARN_UNUSED_VARIABLE = YES;
				LOCALIZATION_PREFERS_STRING_CATALOGS = YES;
				MACOSX_DEPLOYMENT_TARGET = 14.3;
				MTL_ENABLE_DEBUG_INFO = INCLUDE_SOURCE;
				MTL_FAST_MATH = YES;
				ONLY_ACTIVE_ARCH = YES;
				SDKROOT = macosx;
			};
			name = Debug;
		};
		67EEFD122BCD821600117FF4 /* Release */ = {
			isa = XCBuildConfiguration;
			buildSettings = {
				ALWAYS_SEARCH_USER_PATHS = NO;
				ASSETCATALOG_COMPILER_GENERATE_SWIFT_ASSET_SYMBOL_EXTENSIONS = YES;
				CLANG_ANALYZER_NONNULL = YES;
				CLANG_ANALYZER_NUMBER_OBJECT_CONVERSION = YES_AGGRESSIVE;
				CLANG_CXX_LANGUAGE_STANDARD = "gnu++20";
				CLANG_ENABLE_MODULES = YES;
				CLANG_ENABLE_OBJC_ARC = YES;
				CLANG_ENABLE_OBJC_WEAK = YES;
				CLANG_WARN_BLOCK_CAPTURE_AUTORELEASING = YES;
				CLANG_WARN_BOOL_CONVERSION = YES;
				CLANG_WARN_COMMA = YES;
				CLANG_WARN_CONSTANT_CONVERSION = YES;
				CLANG_WARN_DEPRECATED_OBJC_IMPLEMENTATIONS = YES;
				CLANG_WARN_DIRECT_OBJC_ISA_USAGE = YES_ERROR;
				CLANG_WARN_DOCUMENTATION_COMMENTS = YES;
				CLANG_WARN_EMPTY_BODY = YES;
				CLANG_WARN_ENUM_CONVERSION = YES;
				CLANG_WARN_INFINITE_RECURSION = YES;
				CLANG_WARN_INT_CONVERSION = YES;
				CLANG_WARN_NON_LITERAL_NULL_CONVERSION = YES;
				CLANG_WARN_OBJC_IMPLICIT_RETAIN_SELF = YES;
				CLANG_WARN_OBJC_LITERAL_CONVERSION = YES;
				CLANG_WARN_OBJC_ROOT_CLASS = YES_ERROR;
				CLANG_WARN_QUOTED_INCLUDE_IN_FRAMEWORK_HEADER = YES;
				CLANG_WARN_RANGE_LOOP_ANALYSIS = YES;
				CLANG_WARN_STRICT_PROTOTYPES = YES;
				CLANG_WARN_SUSPICIOUS_MOVE = YES;
				CLANG_WARN_UNGUARDED_AVAILABILITY = YES_AGGRESSIVE;
				CLANG_WARN_UNREACHABLE_CODE = YES;
				CLANG_WARN__DUPLICATE_METHOD_MATCH = YES;
				COPY_PHASE_STRIP = NO;
				DEBUG_INFORMATION_FORMAT = "dwarf-with-dsym";
				ENABLE_NS_ASSERTIONS = NO;
				ENABLE_STRICT_OBJC_MSGSEND = YES;
				ENABLE_USER_SCRIPT_SANDBOXING = YES;
				GCC_C_LANGUAGE_STANDARD = gnu17;
				GCC_NO_COMMON_BLOCKS = YES;
				GCC_WARN_64_TO_32_BIT_CONVERSION = YES;
				GCC_WARN_ABOUT_RETURN_TYPE = YES_ERROR;
				GCC_WARN_INHIBIT_ALL_WARNINGS = YES;
				GCC_WARN_UNDECLARED_SELECTOR = YES;
				GCC_WARN_UNINITIALIZED_AUTOS = YES_AGGRESSIVE;
				GCC_WARN_UNUSED_FUNCTION = YES;
				GCC_WARN_UNUSED_VARIABLE = YES;
				LOCALIZATION_PREFERS_STRING_CATALOGS = YES;
				MACOSX_DEPLOYMENT_TARGET = 14.3;
				MTL_ENABLE_DEBUG_INFO = NO;
				MTL_FAST_MATH = YES;
				SDKROOT = macosx;
			};
			name = Release;
		};
		67EEFD142BCD821600117FF4 /* Debug */ = {
			isa = XCBuildConfiguration;
			buildSettings = {
				CODE_SIGN_ENTITLEMENTS = "COMP410-HW2/COMP410-HW2.entitlements";
				CODE_SIGN_STYLE = Automatic;
				DEVELOPMENT_TEAM = 5B7XTAK58K;
				ENABLE_HARDENED_RUNTIME = YES;
				LIBRARY_SEARCH_PATHS = (
					"$(inherited)",
					/usr/local/Cellar/glfw/3.3.10/lib,
				);
				PRODUCT_NAME = "$(TARGET_NAME)";
			};
			name = Debug;
		};
		67EEFD152BCD821600117FF4 /* Release */ = {
			isa = XCBuildConfiguration;
			buildSettings = {
				CODE_SIGN_ENTITLEMENTS = "COMP410-HW2/COMP410-HW2.entitlements";
				CODE_SIGN_STYLE = Automatic;
				DEVELOPMENT_TEAM = 5B7XTAK58K;
				ENABLE_HARDENED_RUNTIME = YES;
				LIBRARY_SEARCH_PATHS = (
					"$(inherited)",
					/usr/local/Cellar/glfw/3.3.10/lib,
				);
				PRODUCT_NAME = "$(TARGET_NAME)";
			};
			name = Release;
		};
/* End XCBuildConfiguration section */

/* Begin XCConfigurationList section */
		67EEFD072BCD821600117FF4 /* Build configuration list for PBXProject "COMP410-HW2" */ = {
			isa = XCConfigurationList;
			buildConfigurations = (
				67EEFD112BCD821600117FF4 /* Debug */,
				67EEFD122BCD821600117FF4 /* Release */,
			);
			defaultConfigurationIsVisible = 0;
			defaultConfigurationName = Release;
		};
		67EEFD132BCD821600117FF4 /* Build configuration list for PBXNativeTarget "COMP410-HW2" */ = {
			isa = XCConfigurationList;
			buildConfigurations = (
				67EEFD142BCD821600117FF4 /* Debug */,
				67EEFD152BCD821600117FF4 /* Release */,
			);
			defaultConfigurationIsVisible = 0;
			defaultConfigurationName = Release;
		};
/* End XCConfigurationList section */
	};
	rootObject = 67EEFD042BCD821600117FF4 /* Project object */;
}
